
Microsoft Visual Studio Solution File, Format Version 12.00
# Visual Studio Version 17
VisualStudioVersion = 17.6.33801.468
MinimumVisualStudioVersion = 10.0.40219.1
Project("{F2A71F9B-5D33-465A-A702-920D77279786}") = "avalonia-funcui-notifications", "avalonia-funcui-notifications.fsproj", "{9769E0C7-B8A4-4E4E-BC32-192E0E7195D3}"
EndProject
Global
	GlobalSection(SolutionConfigurationPlatforms) = preSolution
		Debug|Any CPU = Debug|Any CPU
		Release|Any CPU = Release|Any CPU
	EndGlobalSection
	GlobalSection(ProjectConfigurationPlatforms) = postSolution
		{9769E0C7-B8A4-4E4E-BC32-192E0E7195D3}.Debug|Any CPU.ActiveCfg = Debug|Any CPU
		{9769E0C7-B8A4-4E4E-BC32-192E0E7195D3}.Debug|Any CPU.Build.0 = Debug|Any CPU
		{9769E0C7-B8A4-4E4E-BC32-192E0E7195D3}.Release|Any CPU.ActiveCfg = Release|Any CPU
		{9769E0C7-B8A4-4E4E-BC32-192E0E7195D3}.Release|Any CPU.Build.0 = Release|Any CPU
	EndGlobalSection
	GlobalSection(SolutionProperties) = preSolution
		HideSolutionNode = FALSE
	EndGlobalSection
	GlobalSection(ExtensibilityGlobals) = postSolution
		SolutionGuid = {56DA2CD4-BAD1-4113-9CE9-445A666BAF43}
	EndGlobalSection
EndGlobal
